{
  "name": "mjuz-website",
  "version": "1.0.0",
  "lockfileVersion": 2,
  "requires": true,
  "packages": {
    "": {
      "name": "mjuz-website",
      "version": "1.0.0",
      "license": "MIT",
      "dependencies": {
        "@fortawesome/fontawesome-free": "^5.15.3",
        "academicons": "^1.8.6",
        "mdbootstrap": "^4.19.2",
        "uglify-js": "^3.13.9",
        "uglifycss": "^0.0.29"
      }
    },
    "node_modules/@fortawesome/fontawesome-free": {
      "version": "5.15.3",
      "resolved": "https://registry.npmjs.org/@fortawesome/fontawesome-free/-/fontawesome-free-5.15.3.tgz",
      "integrity": "sha512-rFnSUN/QOtnOAgqFRooTA3H57JLDm0QEG/jPdk+tLQNL/eWd+Aok8g3qCI+Q1xuDPWpGW/i9JySpJVsq8Q0s9w==",
      "hasInstallScript": true,
      "engines": {
        "node": ">=6"
      }
    },
    "node_modules/academicons": {
      "version": "1.8.6",
      "resolved": "https://registry.npmjs.org/academicons/-/academicons-1.8.6.tgz",
      "integrity": "sha512-Deq5TUn98SNp6o/XhenYJoqXvg9BZ+ZkpKJDsUU6B37nTKj8fJ3ybz351ERaLxbBESTjU7AhTWf7oBbGm+uwKw=="
    },
    "node_modules/mdbootstrap": {
      "version": "4.19.2",
      "resolved": "https://registry.npmjs.org/mdbootstrap/-/mdbootstrap-4.19.2.tgz",
      "integrity": "sha512-a+LwPflYRYwlmYKTvftW0X7SfOMrRZ02qZjrssNko1lPU/HR5JRFc1uwa3Dmmw+6TwsYH760waqdghBFrucpOw=="
    },
    "node_modules/uglify-js": {
      "version": "3.13.10",
      "resolved": "https://registry.npmjs.org/uglify-js/-/uglify-js-3.13.10.tgz",
      "integrity": "sha512-57H3ACYFXeo1IaZ1w02sfA71wI60MGco/IQFjOqK+WtKoprh7Go2/yvd2HPtoJILO2Or84ncLccI4xoHMTSbGg==",
      "bin": {
        "uglifyjs": "bin/uglifyjs"
      },
      "engines": {
        "node": ">=0.8.0"
      }
    },
    "node_modules/uglifycss": {
      "version": "0.0.29",
      "resolved": "https://registry.npmjs.org/uglifycss/-/uglifycss-0.0.29.tgz",
      "integrity": "sha512-J2SQ2QLjiknNGbNdScaNZsXgmMGI0kYNrXaDlr4obnPW9ni1jljb1NeEVWAiTgZ8z+EBWP2ozfT9vpy03rjlMQ==",
      "bin": {
        "uglifycss": "uglifycss"
      },
      "engines": {
        "node": ">=6.4.0"
      }
    }
  },
  "dependencies": {
    "@fortawesome/fontawesome-free": {
      "version": "5.15.3",
      "resolved": "https://registry.npmjs.org/@fortawesome/fontawesome-free/-/fontawesome-free-5.15.3.tgz",
      "integrity": "sha512-rFnSUN/QOtnOAgqFRooTA3H57JLDm0QEG/jPdk+tLQNL/eWd+Aok8g3qCI+Q1xuDPWpGW/i9JySpJVsq8Q0s9w=="
    },
    "academicons": {
      "version": "1.8.6",
      "resolved": "https://registry.npmjs.org/academicons/-/academicons-1.8.6.tgz",
      "integrity": "sha512-Deq5TUn98SNp6o/XhenYJoqXvg9BZ+ZkpKJDsUU6B37nTKj8fJ3ybz351ERaLxbBESTjU7AhTWf7oBbGm+uwKw=="
    },
    "mdbootstrap": {
      "version": "4.19.2",
      "resolved": "https://registry.npmjs.org/mdbootstrap/-/mdbootstrap-4.19.2.tgz",
      "integrity": "sha512-a+LwPflYRYwlmYKTvftW0X7SfOMrRZ02qZjrssNko1lPU/HR5JRFc1uwa3Dmmw+6TwsYH760waqdghBFrucpOw=="
    },
    "uglify-js": {
      "version": "3.13.10",
      "resolved": "https://registry.npmjs.org/uglify-js/-/uglify-js-3.13.10.tgz",
      "integrity": "sha512-57H3ACYFXeo1IaZ1w02sfA71wI60MGco/IQFjOqK+WtKoprh7Go2/yvd2HPtoJILO2Or84ncLccI4xoHMTSbGg=="
    },
    "uglifycss": {
      "version": "0.0.29",
      "resolved": "https://registry.npmjs.org/uglifycss/-/uglifycss-0.0.29.tgz",
      "integrity": "sha512-J2SQ2QLjiknNGbNdScaNZsXgmMGI0kYNrXaDlr4obnPW9ni1jljb1NeEVWAiTgZ8z+EBWP2ozfT9vpy03rjlMQ=="
    }
  }
}
