{
  "name": "mjuz-website",
  "version": "1.0.0",
  "lockfileVersion": 3,
  "requires": true,
  "packages": {
    "": {
      "name": "mjuz-website",
      "version": "1.0.0",
      "license": "MIT",
      "dependencies": {
        "@fortawesome/fontawesome-free": "^5.15.3",
        "academicons": "^1.8.6",
        "mdbootstrap": "^4.19.2",
        "uglify-js": "^3.13.9",
        "uglifycss": "^0.0.29"
      }
    },
    "node_modules/@fortawesome/fontawesome-free": {
      "version": "5.15.4",
      "resolved": "https://registry.npmjs.org/@fortawesome/fontawesome-free/-/fontawesome-free-5.15.4.tgz",
      "integrity": "sha512-eYm8vijH/hpzr/6/1CJ/V/Eb1xQFW2nnUKArb3z+yUWv7HTwj6M7SP957oMjfZjAHU6qpoNc2wQvIxBLWYa/Jg==",
      "hasInstallScript": true,
      "engines": {
        "node": ">=6"
      }
    },
    "node_modules/academicons": {
      "version": "1.9.2",
      "resolved": "https://registry.npmjs.org/academicons/-/academicons-1.9.2.tgz",
      "integrity": "sha512-LjlkK1E/daUUWqMJOXa/YeXL26K0FmN3cdyILgGCJKgo5bzgVYOO712DZDREzETrrC0MnKui8/hGYpM8kCTgZg=="
    },
    "node_modules/mdbootstrap": {
      "version": "4.20.0",
      "resolved": "https://registry.npmjs.org/mdbootstrap/-/mdbootstrap-4.20.0.tgz",
      "integrity": "sha512-eIxaYsvHct2BKqkJWphh6j7nFQXHh9NjbbN7a+dctfrVsKaydNW5XpKIxmq2tDSb9+XYGm9hK7hMTlHgeV6wdw=="
    },
    "node_modules/uglify-js": {
      "version": "3.17.4",
      "resolved": "https://registry.npmjs.org/uglify-js/-/uglify-js-3.17.4.tgz",
      "integrity": "sha512-T9q82TJI9e/C1TAxYvfb16xO120tMVFZrGA3f9/P4424DNu6ypK103y0GPFVa17yotwSyZW5iYXgjYHkGrJW/g==",
      "bin": {
        "uglifyjs": "bin/uglifyjs"
      },
      "engines": {
        "node": ">=0.8.0"
      }
    },
    "node_modules/uglifycss": {
      "version": "0.0.29",
      "resolved": "https://registry.npmjs.org/uglifycss/-/uglifycss-0.0.29.tgz",
      "integrity": "sha512-J2SQ2QLjiknNGbNdScaNZsXgmMGI0kYNrXaDlr4obnPW9ni1jljb1NeEVWAiTgZ8z+EBWP2ozfT9vpy03rjlMQ==",
      "bin": {
        "uglifycss": "uglifycss"
      },
      "engines": {
        "node": ">=6.4.0"
      }
    }
  }
}
